
Microsoft Visual Studio Solution File, Format Version 12.00
# Visual Studio Version 16
VisualStudioVersion = 16.0.31702.278
MinimumVisualStudioVersion = 10.0.40219.1
Project("{9A19103F-16F7-4668-BE54-9A1E7A4F7556}") = "Pulse.Api", "projects\Pulse.Api\Pulse.Api.csproj", "{86A11A3D-1B35-49C8-9C7B-4FC54C017894}"
EndProject
Project("{2150E333-8FDC-42A3-9474-1A3956D46DE8}") = "00.Sdk", "00.Sdk", "{65B6FF04-9899-43A1-8C95-641894432FFE}"
EndProject
Project("{2150E333-8FDC-42A3-9474-1A3956D46DE8}") = "00.Crosscutting", "00.Crosscutting", "{9E7852FF-8AB6-4CF0-A2AA-3E484F8A592E}"
EndProject
Project("{2150E333-8FDC-42A3-9474-1A3956D46DE8}") = "01.Persistence", "01.Persistence", "{D247303F-01B4-4F96-B472-501FA75B2598}"
EndProject
Project("{2150E333-8FDC-42A3-9474-1A3956D46DE8}") = "02.Application", "02.Application", "{72034D1F-C884-487C-BEA2-4CF2FB8C5E70}"
EndProject
Project("{9A19103F-16F7-4668-BE54-9A1E7A4F7556}") = "Webfarm.Sdk.AutoRegistration", "projects\Webfarm.Sdk.AutoRegistration\Webfarm.Sdk.AutoRegistration.csproj", "{158730C4-0ED7-4E0D-A895-D34E5303109B}"
EndProject
Project("{9A19103F-16F7-4668-BE54-9A1E7A4F7556}") = "Webfarm.Sdk.Common", "projects\Webfarm.Sdk.Common\Webfarm.Sdk.Common.csproj", "{BC5A3BBF-3260-4A52-959F-0054B6688BED}"
EndProject
Project("{9A19103F-16F7-4668-BE54-9A1E7A4F7556}") = "Webfarm.Sdk.Data", "projects\Webfarm.Sdk.Data\Webfarm.Sdk.Data.csproj", "{EB15DED7-25DA-42A0-85B9-C95C5511DE8B}"
EndProject
Project("{9A19103F-16F7-4668-BE54-9A1E7A4F7556}") = "Webfarm.Sdk.Reflection", "projects\Webfarm.Sdk.Reflection\Webfarm.Sdk.Reflection.csproj", "{60019461-7255-4118-B2E1-CBB7454C18BB}"
EndProject
Project("{9A19103F-16F7-4668-BE54-9A1E7A4F7556}") = "Webfarm.Sdk.Persistence", "projects\Webfarm.Sdk.Persistence\Webfarm.Sdk.Persistence.csproj", "{131B8154-FA0B-4920-B4EB-801AAEB7AA0C}"
EndProject
Project("{9A19103F-16F7-4668-BE54-9A1E7A4F7556}") = "Webfarm.Sdk.Persistence.Migrations", "projects\Webfarm.Sdk.Persistence.Migrations\Webfarm.Sdk.Persistence.Migrations.csproj", "{827A0C8B-1C15-440F-B02C-806ED854C637}"
EndProject
Project("{9A19103F-16F7-4668-BE54-9A1E7A4F7556}") = "Webfarm.Sdk.Daemon", "projects\Webfarm.Sdk.Daemon\Webfarm.Sdk.Daemon.csproj", "{2335B29D-4F33-4E7F-BE46-6C065071D056}"
EndProject
Project("{9A19103F-16F7-4668-BE54-9A1E7A4F7556}") = "Webfarm.Sdk.Web.Api", "projects\Webfarm.Sdk.Web.Api\Webfarm.Sdk.Web.Api.csproj", "{AFB9A066-6F5A-4FB2-ABB1-C138CCC5751E}"
EndProject
Project("{2150E333-8FDC-42A3-9474-1A3956D46DE8}") = "Solution Items", "Solution Items", "{33ED416F-F1AF-41A3-98A8-B3D0EB566B22}"
	ProjectSection(SolutionItems) = preProject
		.editorconfig = .editorconfig
		Directory.Build.props = Directory.Build.props
		Directory.Build.targets = Directory.Build.targets
		nuget.config = nuget.config
		Pulse.ruleset = Pulse.ruleset
		stylecop.json = stylecop.json
	EndProjectSection
EndProject
Project("{2150E333-8FDC-42A3-9474-1A3956D46DE8}") = "01.Pulse", "01.Pulse", "{CC48EE99-A690-4ED7-8E0B-0F3B83BF85D3}"
EndProject
Project("{2150E333-8FDC-42A3-9474-1A3956D46DE8}") = "01.Data", "01.Data", "{DB2F6C27-883F-4026-8E5D-B0940566C63A}"
EndProject
Project("{2150E333-8FDC-42A3-9474-1A3956D46DE8}") = "02.Persistence", "02.Persistence", "{D7A05B44-D881-4D26-A789-B67FF0C19A09}"
EndProject
Project("{2150E333-8FDC-42A3-9474-1A3956D46DE8}") = "03.Business", "03.Business", "{4F788F6B-282E-44E0-82C5-DAB152982F99}"
EndProject
Project("{2150E333-8FDC-42A3-9474-1A3956D46DE8}") = "04.Presentation", "04.Presentation", "{C8088D8D-91FF-4476-A6EB-BA037BACAE32}"
EndProject
Project("{FAE04EC0-301F-11D3-BF4B-00C04F79EFBC}") = "Pulse.Data", "projects\Pulse.Data\Pulse.Data.csproj", "{33F3B061-20CA-44D4-9AAD-1D44DE90C76D}"
EndProject
Project("{FAE04EC0-301F-11D3-BF4B-00C04F79EFBC}") = "Pulse.Persistence", "projects\Pulse.Persistence\Pulse.Persistence.csproj", "{992D1095-1F93-4DFB-A8E8-E67A3C990C9F}"
EndProject
Project("{FAE04EC0-301F-11D3-BF4B-00C04F79EFBC}") = "Pulse.Business", "projects\Pulse.Business\Pulse.Business.csproj", "{39453100-3BF6-4761-8455-6EEBC3F23C18}"
EndProject
Global
	GlobalSection(SolutionConfigurationPlatforms) = preSolution
		Debug|Any CPU = Debug|Any CPU
		Release|Any CPU = Release|Any CPU
	EndGlobalSection
	GlobalSection(ProjectConfigurationPlatforms) = postSolution
		{86A11A3D-1B35-49C8-9C7B-4FC54C017894}.Debug|Any CPU.ActiveCfg = Debug|Any CPU
		{86A11A3D-1B35-49C8-9C7B-4FC54C017894}.Debug|Any CPU.Build.0 = Debug|Any CPU
		{86A11A3D-1B35-49C8-9C7B-4FC54C017894}.Release|Any CPU.ActiveCfg = Release|Any CPU
		{86A11A3D-1B35-49C8-9C7B-4FC54C017894}.Release|Any CPU.Build.0 = Release|Any CPU
		{158730C4-0ED7-4E0D-A895-D34E5303109B}.Debug|Any CPU.ActiveCfg = Debug|Any CPU
		{158730C4-0ED7-4E0D-A895-D34E5303109B}.Debug|Any CPU.Build.0 = Debug|Any CPU
		{158730C4-0ED7-4E0D-A895-D34E5303109B}.Release|Any CPU.ActiveCfg = Release|Any CPU
		{158730C4-0ED7-4E0D-A895-D34E5303109B}.Release|Any CPU.Build.0 = Release|Any CPU
		{BC5A3BBF-3260-4A52-959F-0054B6688BED}.Debug|Any CPU.ActiveCfg = Debug|Any CPU
		{BC5A3BBF-3260-4A52-959F-0054B6688BED}.Debug|Any CPU.Build.0 = Debug|Any CPU
		{BC5A3BBF-3260-4A52-959F-0054B6688BED}.Release|Any CPU.ActiveCfg = Release|Any CPU
		{BC5A3BBF-3260-4A52-959F-0054B6688BED}.Release|Any CPU.Build.0 = Release|Any CPU
		{EB15DED7-25DA-42A0-85B9-C95C5511DE8B}.Debug|Any CPU.ActiveCfg = Debug|Any CPU
		{EB15DED7-25DA-42A0-85B9-C95C5511DE8B}.Debug|Any CPU.Build.0 = Debug|Any CPU
		{EB15DED7-25DA-42A0-85B9-C95C5511DE8B}.Release|Any CPU.ActiveCfg = Release|Any CPU
		{EB15DED7-25DA-42A0-85B9-C95C5511DE8B}.Release|Any CPU.Build.0 = Release|Any CPU
		{60019461-7255-4118-B2E1-CBB7454C18BB}.Debug|Any CPU.ActiveCfg = Debug|Any CPU
		{60019461-7255-4118-B2E1-CBB7454C18BB}.Debug|Any CPU.Build.0 = Debug|Any CPU
		{60019461-7255-4118-B2E1-CBB7454C18BB}.Release|Any CPU.ActiveCfg = Release|Any CPU
		{60019461-7255-4118-B2E1-CBB7454C18BB}.Release|Any CPU.Build.0 = Release|Any CPU
		{131B8154-FA0B-4920-B4EB-801AAEB7AA0C}.Debug|Any CPU.ActiveCfg = Debug|Any CPU
		{131B8154-FA0B-4920-B4EB-801AAEB7AA0C}.Debug|Any CPU.Build.0 = Debug|Any CPU
		{131B8154-FA0B-4920-B4EB-801AAEB7AA0C}.Release|Any CPU.ActiveCfg = Release|Any CPU
		{131B8154-FA0B-4920-B4EB-801AAEB7AA0C}.Release|Any CPU.Build.0 = Release|Any CPU
		{827A0C8B-1C15-440F-B02C-806ED854C637}.Debug|Any CPU.ActiveCfg = Debug|Any CPU
		{827A0C8B-1C15-440F-B02C-806ED854C637}.Debug|Any CPU.Build.0 = Debug|Any CPU
		{827A0C8B-1C15-440F-B02C-806ED854C637}.Release|Any CPU.ActiveCfg = Release|Any CPU
		{827A0C8B-1C15-440F-B02C-806ED854C637}.Release|Any CPU.Build.0 = Release|Any CPU
		{2335B29D-4F33-4E7F-BE46-6C065071D056}.Debug|Any CPU.ActiveCfg = Debug|Any CPU
		{2335B29D-4F33-4E7F-BE46-6C065071D056}.Debug|Any CPU.Build.0 = Debug|Any CPU
		{2335B29D-4F33-4E7F-BE46-6C065071D056}.Release|Any CPU.ActiveCfg = Release|Any CPU
		{2335B29D-4F33-4E7F-BE46-6C065071D056}.Release|Any CPU.Build.0 = Release|Any CPU
		{AFB9A066-6F5A-4FB2-ABB1-C138CCC5751E}.Debug|Any CPU.ActiveCfg = Debug|Any CPU
		{AFB9A066-6F5A-4FB2-ABB1-C138CCC5751E}.Debug|Any CPU.Build.0 = Debug|Any CPU
		{AFB9A066-6F5A-4FB2-ABB1-C138CCC5751E}.Release|Any CPU.ActiveCfg = Release|Any CPU
		{AFB9A066-6F5A-4FB2-ABB1-C138CCC5751E}.Release|Any CPU.Build.0 = Release|Any CPU
		{33F3B061-20CA-44D4-9AAD-1D44DE90C76D}.Debug|Any CPU.ActiveCfg = Debug|Any CPU
		{33F3B061-20CA-44D4-9AAD-1D44DE90C76D}.Debug|Any CPU.Build.0 = Debug|Any CPU
		{33F3B061-20CA-44D4-9AAD-1D44DE90C76D}.Release|Any CPU.ActiveCfg = Release|Any CPU
		{33F3B061-20CA-44D4-9AAD-1D44DE90C76D}.Release|Any CPU.Build.0 = Release|Any CPU
		{992D1095-1F93-4DFB-A8E8-E67A3C990C9F}.Debug|Any CPU.ActiveCfg = Debug|Any CPU
		{992D1095-1F93-4DFB-A8E8-E67A3C990C9F}.Debug|Any CPU.Build.0 = Debug|Any CPU
		{992D1095-1F93-4DFB-A8E8-E67A3C990C9F}.Release|Any CPU.ActiveCfg = Release|Any CPU
		{992D1095-1F93-4DFB-A8E8-E67A3C990C9F}.Release|Any CPU.Build.0 = Release|Any CPU
		{39453100-3BF6-4761-8455-6EEBC3F23C18}.Debug|Any CPU.ActiveCfg = Debug|Any CPU
		{39453100-3BF6-4761-8455-6EEBC3F23C18}.Debug|Any CPU.Build.0 = Debug|Any CPU
		{39453100-3BF6-4761-8455-6EEBC3F23C18}.Release|Any CPU.ActiveCfg = Release|Any CPU
		{39453100-3BF6-4761-8455-6EEBC3F23C18}.Release|Any CPU.Build.0 = Release|Any CPU
	EndGlobalSection
	GlobalSection(SolutionProperties) = preSolution
		HideSolutionNode = FALSE
	EndGlobalSection
	GlobalSection(NestedProjects) = preSolution
		{86A11A3D-1B35-49C8-9C7B-4FC54C017894} = {C8088D8D-91FF-4476-A6EB-BA037BACAE32}
		{9E7852FF-8AB6-4CF0-A2AA-3E484F8A592E} = {65B6FF04-9899-43A1-8C95-641894432FFE}
		{D247303F-01B4-4F96-B472-501FA75B2598} = {65B6FF04-9899-43A1-8C95-641894432FFE}
		{72034D1F-C884-487C-BEA2-4CF2FB8C5E70} = {65B6FF04-9899-43A1-8C95-641894432FFE}
		{158730C4-0ED7-4E0D-A895-D34E5303109B} = {9E7852FF-8AB6-4CF0-A2AA-3E484F8A592E}
		{BC5A3BBF-3260-4A52-959F-0054B6688BED} = {9E7852FF-8AB6-4CF0-A2AA-3E484F8A592E}
		{EB15DED7-25DA-42A0-85B9-C95C5511DE8B} = {9E7852FF-8AB6-4CF0-A2AA-3E484F8A592E}
		{60019461-7255-4118-B2E1-CBB7454C18BB} = {9E7852FF-8AB6-4CF0-A2AA-3E484F8A592E}
		{131B8154-FA0B-4920-B4EB-801AAEB7AA0C} = {D247303F-01B4-4F96-B472-501FA75B2598}
		{827A0C8B-1C15-440F-B02C-806ED854C637} = {D247303F-01B4-4F96-B472-501FA75B2598}
		{2335B29D-4F33-4E7F-BE46-6C065071D056} = {72034D1F-C884-487C-BEA2-4CF2FB8C5E70}
		{AFB9A066-6F5A-4FB2-ABB1-C138CCC5751E} = {72034D1F-C884-487C-BEA2-4CF2FB8C5E70}
		{DB2F6C27-883F-4026-8E5D-B0940566C63A} = {CC48EE99-A690-4ED7-8E0B-0F3B83BF85D3}
		{D7A05B44-D881-4D26-A789-B67FF0C19A09} = {CC48EE99-A690-4ED7-8E0B-0F3B83BF85D3}
		{4F788F6B-282E-44E0-82C5-DAB152982F99} = {CC48EE99-A690-4ED7-8E0B-0F3B83BF85D3}
		{C8088D8D-91FF-4476-A6EB-BA037BACAE32} = {CC48EE99-A690-4ED7-8E0B-0F3B83BF85D3}
		{33F3B061-20CA-44D4-9AAD-1D44DE90C76D} = {DB2F6C27-883F-4026-8E5D-B0940566C63A}
		{992D1095-1F93-4DFB-A8E8-E67A3C990C9F} = {D7A05B44-D881-4D26-A789-B67FF0C19A09}
		{39453100-3BF6-4761-8455-6EEBC3F23C18} = {4F788F6B-282E-44E0-82C5-DAB152982F99}
	EndGlobalSection
	GlobalSection(ExtensibilityGlobals) = postSolution
		SolutionGuid = {9A94B1B8-A079-4141-B227-EB57024620AC}
	EndGlobalSection
EndGlobal
